
Microsoft Visual Studio Solution File, Format Version 12.00
# Visual Studio Version 17
VisualStudioVersion = 17.8.34330.188
MinimumVisualStudioVersion = 10.0.40219.1
Project("{9A19103F-16F7-4668-BE54-9A1E7A4F7556}") = "Singleton_Without_Sealed", "Singleton_Without_Sealed\Singleton_Without_Sealed.csproj", "{8D7FA2C8-7EE8-49C9-A24F-4441F0FECFB6}"
EndProject
Project("{9A19103F-16F7-4668-BE54-9A1E7A4F7556}") = "Singleton_Thread_Unsafe", "Singleton_Single_Threaded\Singleton_Thread_Unsafe.csproj", "{CB39A9BD-B6C2-4D09-92B3-F2AF4D6CE24A}"
EndProject
Project("{9A19103F-16F7-4668-BE54-9A1E7A4F7556}") = "Singleton_Thread_Safe_Single_Check_Locking", "Singleton_Thread_Safe_Single_Check_Locking\Singleton_Thread_Safe_Single_Check_Locking.csproj", "{F60E433D-8846-4A51-B37E-228DB42980C3}"
EndProject
Project("{9A19103F-16F7-4668-BE54-9A1E7A4F7556}") = "Singleton_Thread_Unsafe_Issue", "Singleton_Thread_Unsafe_Issue\Singleton_Thread_Unsafe_Issue.csproj", "{628E86CA-B860-44DD-901A-1990258B199C}"
EndProject
Project("{9A19103F-16F7-4668-BE54-9A1E7A4F7556}") = "Singleton_Thread_Safe_Double_Check_Locking", "Singleton_Thread_Safe_Double_Check_Locking\Singleton_Thread_Safe_Double_Check_Locking.csproj", "{4821815B-C5D2-4B3E-AA94-812D6386687E}"
EndProject
Project("{9A19103F-16F7-4668-BE54-9A1E7A4F7556}") = "Singleton_Thread_Safe_Lazy_Loading", "Singleton_Thread_Safe_Lazy\Singleton_Thread_Safe_Lazy_Loading.csproj", "{DC1F6B70-7CDA-45F1-A9CD-0C1A5B192C6B}"
EndProject
Project("{9A19103F-16F7-4668-BE54-9A1E7A4F7556}") = "Singleton_Thread_Safe_Eager_Loading", "Singleton_Thread_Safe_Eager_Loading\Singleton_Thread_Safe_Eager_Loading.csproj", "{9F239551-02D6-4475-A9F7-49C265830D2D}"
EndProject
Project("{9A19103F-16F7-4668-BE54-9A1E7A4F7556}") = "Singleton_Vs_Static", "Singleton_Vs_Static\Singleton_Vs_Static.csproj", "{9EBB5769-30DF-4BF0-8F49-8E2731019906}"
EndProject
Project("{9A19103F-16F7-4668-BE54-9A1E7A4F7556}") = "Factory_Design_Pattern_YT", "Factory_Design_Pattern_YT\Factory_Design_Pattern_YT.csproj", "{D33086DF-EC7A-4663-A7E9-B3938109FAC5}"
EndProject
Project("{FAE04EC0-301F-11D3-BF4B-00C04F79EFBC}") = "Without_Factory_Design_Pattern", "Without_Factory_Design_Pattern\Without_Factory_Design_Pattern.csproj", "{080DC84D-8650-43CC-99EA-6555D19C078B}"
EndProject
Global
	GlobalSection(SolutionConfigurationPlatforms) = preSolution
		Debug|Any CPU = Debug|Any CPU
		Release|Any CPU = Release|Any CPU
	EndGlobalSection
	GlobalSection(ProjectConfigurationPlatforms) = postSolution
		{8D7FA2C8-7EE8-49C9-A24F-4441F0FECFB6}.Debug|Any CPU.ActiveCfg = Debug|Any CPU
		{8D7FA2C8-7EE8-49C9-A24F-4441F0FECFB6}.Debug|Any CPU.Build.0 = Debug|Any CPU
		{8D7FA2C8-7EE8-49C9-A24F-4441F0FECFB6}.Release|Any CPU.ActiveCfg = Release|Any CPU
		{8D7FA2C8-7EE8-49C9-A24F-4441F0FECFB6}.Release|Any CPU.Build.0 = Release|Any CPU
		{CB39A9BD-B6C2-4D09-92B3-F2AF4D6CE24A}.Debug|Any CPU.ActiveCfg = Debug|Any CPU
		{CB39A9BD-B6C2-4D09-92B3-F2AF4D6CE24A}.Debug|Any CPU.Build.0 = Debug|Any CPU
		{CB39A9BD-B6C2-4D09-92B3-F2AF4D6CE24A}.Release|Any CPU.ActiveCfg = Release|Any CPU
		{CB39A9BD-B6C2-4D09-92B3-F2AF4D6CE24A}.Release|Any CPU.Build.0 = Release|Any CPU
		{F60E433D-8846-4A51-B37E-228DB42980C3}.Debug|Any CPU.ActiveCfg = Debug|Any CPU
		{F60E433D-8846-4A51-B37E-228DB42980C3}.Debug|Any CPU.Build.0 = Debug|Any CPU
		{F60E433D-8846-4A51-B37E-228DB42980C3}.Release|Any CPU.ActiveCfg = Release|Any CPU
		{F60E433D-8846-4A51-B37E-228DB42980C3}.Release|Any CPU.Build.0 = Release|Any CPU
		{628E86CA-B860-44DD-901A-1990258B199C}.Debug|Any CPU.ActiveCfg = Debug|Any CPU
		{628E86CA-B860-44DD-901A-1990258B199C}.Debug|Any CPU.Build.0 = Debug|Any CPU
		{628E86CA-B860-44DD-901A-1990258B199C}.Release|Any CPU.ActiveCfg = Release|Any CPU
		{628E86CA-B860-44DD-901A-1990258B199C}.Release|Any CPU.Build.0 = Release|Any CPU
		{4821815B-C5D2-4B3E-AA94-812D6386687E}.Debug|Any CPU.ActiveCfg = Debug|Any CPU
		{4821815B-C5D2-4B3E-AA94-812D6386687E}.Debug|Any CPU.Build.0 = Debug|Any CPU
		{4821815B-C5D2-4B3E-AA94-812D6386687E}.Release|Any CPU.ActiveCfg = Release|Any CPU
		{4821815B-C5D2-4B3E-AA94-812D6386687E}.Release|Any CPU.Build.0 = Release|Any CPU
		{DC1F6B70-7CDA-45F1-A9CD-0C1A5B192C6B}.Debug|Any CPU.ActiveCfg = Debug|Any CPU
		{DC1F6B70-7CDA-45F1-A9CD-0C1A5B192C6B}.Debug|Any CPU.Build.0 = Debug|Any CPU
		{DC1F6B70-7CDA-45F1-A9CD-0C1A5B192C6B}.Release|Any CPU.ActiveCfg = Release|Any CPU
		{DC1F6B70-7CDA-45F1-A9CD-0C1A5B192C6B}.Release|Any CPU.Build.0 = Release|Any CPU
		{9F239551-02D6-4475-A9F7-49C265830D2D}.Debug|Any CPU.ActiveCfg = Debug|Any CPU
		{9F239551-02D6-4475-A9F7-49C265830D2D}.Debug|Any CPU.Build.0 = Debug|Any CPU
		{9F239551-02D6-4475-A9F7-49C265830D2D}.Release|Any CPU.ActiveCfg = Release|Any CPU
		{9F239551-02D6-4475-A9F7-49C265830D2D}.Release|Any CPU.Build.0 = Release|Any CPU
		{9EBB5769-30DF-4BF0-8F49-8E2731019906}.Debug|Any CPU.ActiveCfg = Debug|Any CPU
		{9EBB5769-30DF-4BF0-8F49-8E2731019906}.Debug|Any CPU.Build.0 = Debug|Any CPU
		{9EBB5769-30DF-4BF0-8F49-8E2731019906}.Release|Any CPU.ActiveCfg = Release|Any CPU
		{9EBB5769-30DF-4BF0-8F49-8E2731019906}.Release|Any CPU.Build.0 = Release|Any CPU
		{D33086DF-EC7A-4663-A7E9-B3938109FAC5}.Debug|Any CPU.ActiveCfg = Debug|Any CPU
		{D33086DF-EC7A-4663-A7E9-B3938109FAC5}.Debug|Any CPU.Build.0 = Debug|Any CPU
		{D33086DF-EC7A-4663-A7E9-B3938109FAC5}.Release|Any CPU.ActiveCfg = Release|Any CPU
		{D33086DF-EC7A-4663-A7E9-B3938109FAC5}.Release|Any CPU.Build.0 = Release|Any CPU
		{080DC84D-8650-43CC-99EA-6555D19C078B}.Debug|Any CPU.ActiveCfg = Debug|Any CPU
		{080DC84D-8650-43CC-99EA-6555D19C078B}.Debug|Any CPU.Build.0 = Debug|Any CPU
		{080DC84D-8650-43CC-99EA-6555D19C078B}.Release|Any CPU.ActiveCfg = Release|Any CPU
		{080DC84D-8650-43CC-99EA-6555D19C078B}.Release|Any CPU.Build.0 = Release|Any CPU
	EndGlobalSection
	GlobalSection(SolutionProperties) = preSolution
		HideSolutionNode = FALSE
	EndGlobalSection
	GlobalSection(ExtensibilityGlobals) = postSolution
		SolutionGuid = {5E440547-19AD-495D-9870-C7CE5276C910}
	EndGlobalSection
EndGlobal
