
Microsoft Visual Studio Solution File, Format Version 12.00
# Visual Studio Version 17
VisualStudioVersion = 17.8.34330.188
MinimumVisualStudioVersion = 10.0.40219.1
Project("{FAE04EC0-301F-11D3-BF4B-00C04F79EFBC}") = "Singleton", "Singleton\Singleton.csproj", "{F419D822-B734-4EE7-ABEA-CC9707624484}"
EndProject
Global
	GlobalSection(SolutionConfigurationPlatforms) = preSolution
		Debug|Any CPU = Debug|Any CPU
		Release|Any CPU = Release|Any CPU
	EndGlobalSection
	GlobalSection(ProjectConfigurationPlatforms) = postSolution
		{F419D822-B734-4EE7-ABEA-CC9707624484}.Debug|Any CPU.ActiveCfg = Debug|Any CPU
		{F419D822-B734-4EE7-ABEA-CC9707624484}.Debug|Any CPU.Build.0 = Debug|Any CPU
		{F419D822-B734-4EE7-ABEA-CC9707624484}.Release|Any CPU.ActiveCfg = Release|Any CPU
		{F419D822-B734-4EE7-ABEA-CC9707624484}.Release|Any CPU.Build.0 = Release|Any CPU
	EndGlobalSection
	GlobalSection(SolutionProperties) = preSolution
		HideSolutionNode = FALSE
	EndGlobalSection
	GlobalSection(ExtensibilityGlobals) = postSolution
		SolutionGuid = {5E440547-19AD-495D-9870-C7CE5276C910}
	EndGlobalSection
EndGlobal
